
Microsoft Visual Studio Solution File, Format Version 12.00
# Visual Studio Version 17
VisualStudioVersion = 17.14.36915.13 d17.14
MinimumVisualStudioVersion = 10.0.40219.1
Project("{FAE04EC0-301F-11D3-BF4B-00C04F79EFBC}") = "Models", "SistemaParqueadero\Models.csproj", "{977CA94F-678C-4D9D-8E56-E86AC5D9EE43}"
EndProject
Project("{FAE04EC0-301F-11D3-BF4B-00C04F79EFBC}") = "SistemaParqueadero.API", "SistemaParqueadero.API\SistemaParqueadero.API.csproj", "{58B1E3C9-601C-4D26-9BA5-F149EE817E90}"
EndProject
Project("{FAE04EC0-301F-11D3-BF4B-00C04F79EFBC}") = "SistemaParqueadero.WEB", "SistemaParqueadero.WEB\SistemaParqueadero.WEB.csproj", "{708AAFB2-66C9-436F-A865-20AF6373776D}"
EndProject
Global
	GlobalSection(SolutionConfigurationPlatforms) = preSolution
		Debug|Any CPU = Debug|Any CPU
		Release|Any CPU = Release|Any CPU
	EndGlobalSection
	GlobalSection(ProjectConfigurationPlatforms) = postSolution
		{977CA94F-678C-4D9D-8E56-E86AC5D9EE43}.Debug|Any CPU.ActiveCfg = Debug|Any CPU
		{977CA94F-678C-4D9D-8E56-E86AC5D9EE43}.Debug|Any CPU.Build.0 = Debug|Any CPU
		{977CA94F-678C-4D9D-8E56-E86AC5D9EE43}.Release|Any CPU.ActiveCfg = Release|Any CPU
		{977CA94F-678C-4D9D-8E56-E86AC5D9EE43}.Release|Any CPU.Build.0 = Release|Any CPU
		{58B1E3C9-601C-4D26-9BA5-F149EE817E90}.Debug|Any CPU.ActiveCfg = Debug|Any CPU
		{58B1E3C9-601C-4D26-9BA5-F149EE817E90}.Debug|Any CPU.Build.0 = Debug|Any CPU
		{58B1E3C9-601C-4D26-9BA5-F149EE817E90}.Release|Any CPU.ActiveCfg = Release|Any CPU
		{58B1E3C9-601C-4D26-9BA5-F149EE817E90}.Release|Any CPU.Build.0 = Release|Any CPU
		{708AAFB2-66C9-436F-A865-20AF6373776D}.Debug|Any CPU.ActiveCfg = Debug|Any CPU
		{708AAFB2-66C9-436F-A865-20AF6373776D}.Debug|Any CPU.Build.0 = Debug|Any CPU
		{708AAFB2-66C9-436F-A865-20AF6373776D}.Release|Any CPU.ActiveCfg = Release|Any CPU
		{708AAFB2-66C9-436F-A865-20AF6373776D}.Release|Any CPU.Build.0 = Release|Any CPU
	EndGlobalSection
	GlobalSection(SolutionProperties) = preSolution
		HideSolutionNode = FALSE
	EndGlobalSection
	GlobalSection(ExtensibilityGlobals) = postSolution
		SolutionGuid = {280DAB01-96B9-4666-B7C5-89C339294355}
	EndGlobalSection
EndGlobal
